
Microsoft Visual Studio Solution File, Format Version 12.00
# Visual Studio Version 16
VisualStudioVersion = 16.0.30011.22
MinimumVisualStudioVersion = 10.0.40219.1
Project("{FAE04EC0-301F-11D3-BF4B-00C04F79EFBC}") = "AppComicAPI", "AppDocTruyenAPI\AppComicAPI.csproj", "{4B35EB9F-BED4-45E6-8958-BF8C559AFA7B}"
EndProject
Global
	GlobalSection(SolutionConfigurationPlatforms) = preSolution
		Debug|Any CPU = Debug|Any CPU
		Release|Any CPU = Release|Any CPU
	EndGlobalSection
	GlobalSection(ProjectConfigurationPlatforms) = postSolution
		{4B35EB9F-BED4-45E6-8958-BF8C559AFA7B}.Debug|Any CPU.ActiveCfg = Debug|Any CPU
		{4B35EB9F-BED4-45E6-8958-BF8C559AFA7B}.Debug|Any CPU.Build.0 = Debug|Any CPU
		{4B35EB9F-BED4-45E6-8958-BF8C559AFA7B}.Release|Any CPU.ActiveCfg = Release|Any CPU
		{4B35EB9F-BED4-45E6-8958-BF8C559AFA7B}.Release|Any CPU.Build.0 = Release|Any CPU
	EndGlobalSection
	GlobalSection(SolutionProperties) = preSolution
		HideSolutionNode = FALSE
	EndGlobalSection
	GlobalSection(ExtensibilityGlobals) = postSolution
		SolutionGuid = {A533FB50-8E00-4940-AF39-B3009D09DB39}
	EndGlobalSection
EndGlobal
